
Microsoft Visual Studio Solution File, Format Version 12.00
# Visual Studio Version 17
VisualStudioVersion = 17.4.33213.308
MinimumVisualStudioVersion = 10.0.40219.1
Project("{FAE04EC0-301F-11D3-BF4B-00C04F79EFBC}") = "DragonsWay.UI", "DragonsWay.Logic\DragonsWay.UI.csproj", "{66CAC11A-193A-4BC7-A397-ABFB056DC16C}"
EndProject
Project("{FAE04EC0-301F-11D3-BF4B-00C04F79EFBC}") = "DragonsWay.Logi", "DragonsWay.Logi\DragonsWay.Logi.csproj", "{BE464044-6B54-4718-A9BC-E029914ED0CB}"
EndProject
Global
	GlobalSection(SolutionConfigurationPlatforms) = preSolution
		Debug|Any CPU = Debug|Any CPU
		Release|Any CPU = Release|Any CPU
	EndGlobalSection
	GlobalSection(ProjectConfigurationPlatforms) = postSolution
		{66CAC11A-193A-4BC7-A397-ABFB056DC16C}.Debug|Any CPU.ActiveCfg = Debug|Any CPU
		{66CAC11A-193A-4BC7-A397-ABFB056DC16C}.Debug|Any CPU.Build.0 = Debug|Any CPU
		{66CAC11A-193A-4BC7-A397-ABFB056DC16C}.Release|Any CPU.ActiveCfg = Release|Any CPU
		{66CAC11A-193A-4BC7-A397-ABFB056DC16C}.Release|Any CPU.Build.0 = Release|Any CPU
		{BE464044-6B54-4718-A9BC-E029914ED0CB}.Debug|Any CPU.ActiveCfg = Debug|Any CPU
		{BE464044-6B54-4718-A9BC-E029914ED0CB}.Debug|Any CPU.Build.0 = Debug|Any CPU
		{BE464044-6B54-4718-A9BC-E029914ED0CB}.Release|Any CPU.ActiveCfg = Release|Any CPU
		{BE464044-6B54-4718-A9BC-E029914ED0CB}.Release|Any CPU.Build.0 = Release|Any CPU
	EndGlobalSection
	GlobalSection(SolutionProperties) = preSolution
		HideSolutionNode = FALSE
	EndGlobalSection
	GlobalSection(ExtensibilityGlobals) = postSolution
		SolutionGuid = {718935B3-06E4-4D83-A740-953B9176F56E}
	EndGlobalSection
EndGlobal
